// !$*UTF8*$!
{
	archiveVersion = 1;
	classes = {
	};
	objectVersion = 55;
	objects = {

/* Begin PBXBuildFile section */
		314F6D48286A75AF003E6983 /* UIViewController+Utils.swift in Sources */ = {isa = PBXBuildFile; fileRef = 314F6D47286A75AF003E6983 /* UIViewController+Utils.swift */; };
		314F6D4A286A7757003E6983 /* MainViewController.swift in Sources */ = {isa = PBXBuildFile; fileRef = 314F6D49286A7757003E6983 /* MainViewController.swift */; };
		314F6D4D286A884C003E6983 /* AccountSummaryViewController.swift in Sources */ = {isa = PBXBuildFile; fileRef = 314F6D4C286A884C003E6983 /* AccountSummaryViewController.swift */; };
		314F6D4F286A8B76003E6983 /* AccountSummaryHeaderView.swift in Sources */ = {isa = PBXBuildFile; fileRef = 314F6D4E286A8B76003E6983 /* AccountSummaryHeaderView.swift */; };
		314F6D51286A8BA7003E6983 /* AccountSummaryHeaderView.xib in Resources */ = {isa = PBXBuildFile; fileRef = 314F6D50286A8BA7003E6983 /* AccountSummaryHeaderView.xib */; };
		F8371175286B194400B2B8FE /* AccountSummaryCell.swift in Sources */ = {isa = PBXBuildFile; fileRef = F8371174286B194400B2B8FE /* AccountSummaryCell.swift */; };
		F885FE5E2865E2AC004CFE10 /* AppDelegate.swift in Sources */ = {isa = PBXBuildFile; fileRef = F885FE5D2865E2AC004CFE10 /* AppDelegate.swift */; };
		F885FE622865E2AC004CFE10 /* LoginViewController.swift in Sources */ = {isa = PBXBuildFile; fileRef = F885FE612865E2AC004CFE10 /* LoginViewController.swift */; };
		F885FE672865E2B1004CFE10 /* Assets.xcassets in Resources */ = {isa = PBXBuildFile; fileRef = F885FE662865E2B1004CFE10 /* Assets.xcassets */; };
		F885FE6A2865E2B1004CFE10 /* LaunchScreen.storyboard in Resources */ = {isa = PBXBuildFile; fileRef = F885FE682865E2B1004CFE10 /* LaunchScreen.storyboard */; };
		F885FE942865E938004CFE10 /* LoginView.swift in Sources */ = {isa = PBXBuildFile; fileRef = F885FE932865E938004CFE10 /* LoginView.swift */; };
		F885FEBD286720A6004CFE10 /* OnboardingContainerViewController.swift in Sources */ = {isa = PBXBuildFile; fileRef = F885FEBC286720A6004CFE10 /* OnboardingContainerViewController.swift */; };
		F885FEBF28673B65004CFE10 /* OnboardingViewController.swift in Sources */ = {isa = PBXBuildFile; fileRef = F885FEBE28673B65004CFE10 /* OnboardingViewController.swift */; };
		F8DD667328691AEE00F5482E /* DummyViewController.swift in Sources */ = {isa = PBXBuildFile; fileRef = F8DD667228691AEE00F5482E /* DummyViewController.swift */; };
		F8DD66762869230D00F5482E /* LocalState.swift in Sources */ = {isa = PBXBuildFile; fileRef = F8DD66752869230D00F5482E /* LocalState.swift */; };
/* End PBXBuildFile section */

/* Begin PBXFileReference section */
		314F6D47286A75AF003E6983 /* UIViewController+Utils.swift */ = {isa = PBXFileReference; lastKnownFileType = sourcecode.swift; path = "UIViewController+Utils.swift"; sourceTree = "<group>"; };
		314F6D49286A7757003E6983 /* MainViewController.swift */ = {isa = PBXFileReference; lastKnownFileType = sourcecode.swift; path = MainViewController.swift; sourceTree = "<group>"; };
		314F6D4C286A884C003E6983 /* AccountSummaryViewController.swift */ = {isa = PBXFileReference; lastKnownFileType = sourcecode.swift; path = AccountSummaryViewController.swift; sourceTree = "<group>"; };
		314F6D4E286A8B76003E6983 /* AccountSummaryHeaderView.swift */ = {isa = PBXFileReference; lastKnownFileType = sourcecode.swift; path = AccountSummaryHeaderView.swift; sourceTree = "<group>"; };
		314F6D50286A8BA7003E6983 /* AccountSummaryHeaderView.xib */ = {isa = PBXFileReference; lastKnownFileType = file.xib; path = AccountSummaryHeaderView.xib; sourceTree = "<group>"; };
		F8371174286B194400B2B8FE /* AccountSummaryCell.swift */ = {isa = PBXFileReference; lastKnownFileType = sourcecode.swift; path = AccountSummaryCell.swift; sourceTree = "<group>"; };
		F885FE5A2865E2AC004CFE10 /* Bankey.app */ = {isa = PBXFileReference; explicitFileType = wrapper.application; includeInIndex = 0; path = Bankey.app; sourceTree = BUILT_PRODUCTS_DIR; };
		F885FE5D2865E2AC004CFE10 /* AppDelegate.swift */ = {isa = PBXFileReference; lastKnownFileType = sourcecode.swift; path = AppDelegate.swift; sourceTree = "<group>"; };
		F885FE612865E2AC004CFE10 /* LoginViewController.swift */ = {isa = PBXFileReference; lastKnownFileType = sourcecode.swift; path = LoginViewController.swift; sourceTree = "<group>"; };
		F885FE662865E2B1004CFE10 /* Assets.xcassets */ = {isa = PBXFileReference; lastKnownFileType = folder.assetcatalog; path = Assets.xcassets; sourceTree = "<group>"; };
		F885FE692865E2B1004CFE10 /* Base */ = {isa = PBXFileReference; lastKnownFileType = file.storyboard; name = Base; path = Base.lproj/LaunchScreen.storyboard; sourceTree = "<group>"; };
		F885FE6B2865E2B1004CFE10 /* Info.plist */ = {isa = PBXFileReference; lastKnownFileType = text.plist.xml; path = Info.plist; sourceTree = "<group>"; };
		F885FE932865E938004CFE10 /* LoginView.swift */ = {isa = PBXFileReference; lastKnownFileType = sourcecode.swift; path = LoginView.swift; sourceTree = "<group>"; };
		F885FEBC286720A6004CFE10 /* OnboardingContainerViewController.swift */ = {isa = PBXFileReference; lastKnownFileType = sourcecode.swift; path = OnboardingContainerViewController.swift; sourceTree = "<group>"; };
		F885FEBE28673B65004CFE10 /* OnboardingViewController.swift */ = {isa = PBXFileReference; lastKnownFileType = sourcecode.swift; path = OnboardingViewController.swift; sourceTree = "<group>"; };
		F8DD667228691AEE00F5482E /* DummyViewController.swift */ = {isa = PBXFileReference; lastKnownFileType = sourcecode.swift; path = DummyViewController.swift; sourceTree = "<group>"; };
		F8DD66752869230D00F5482E /* LocalState.swift */ = {isa = PBXFileReference; lastKnownFileType = sourcecode.swift; path = LocalState.swift; sourceTree = "<group>"; };
/* End PBXFileReference section */

/* Begin PBXFrameworksBuildPhase section */
		F885FE572865E2AC004CFE10 /* Frameworks */ = {
			isa = PBXFrameworksBuildPhase;
			buildActionMask = 2147483647;
			files = (
			);
			runOnlyForDeploymentPostprocessing = 0;
		};
/* End PBXFrameworksBuildPhase section */

/* Begin PBXGroup section */
		314F6D4B286A8828003E6983 /* AccountSummary */ = {
			isa = PBXGroup;
			children = (
				314F6D4C286A884C003E6983 /* AccountSummaryViewController.swift */,
				F8371172286B190300B2B8FE /* Header */,
				F8371173286B191A00B2B8FE /* Cells */,
			);
			path = AccountSummary;
			sourceTree = "<group>";
		};
		F8371172286B190300B2B8FE /* Header */ = {
			isa = PBXGroup;
			children = (
				314F6D4E286A8B76003E6983 /* AccountSummaryHeaderView.swift */,
				314F6D50286A8BA7003E6983 /* AccountSummaryHeaderView.xib */,
			);
			path = Header;
			sourceTree = "<group>";
		};
		F8371173286B191A00B2B8FE /* Cells */ = {
			isa = PBXGroup;
			children = (
				F8371174286B194400B2B8FE /* AccountSummaryCell.swift */,
			);
			path = Cells;
			sourceTree = "<group>";
		};
		F885FE512865E2AC004CFE10 = {
			isa = PBXGroup;
			children = (
				F885FE5C2865E2AC004CFE10 /* Bankey */,
				F885FE5B2865E2AC004CFE10 /* Products */,
			);
			sourceTree = "<group>";
		};
		F885FE5B2865E2AC004CFE10 /* Products */ = {
			isa = PBXGroup;
			children = (
				F885FE5A2865E2AC004CFE10 /* Bankey.app */,
			);
			name = Products;
			sourceTree = "<group>";
		};
		F885FE5C2865E2AC004CFE10 /* Bankey */ = {
			isa = PBXGroup;
			children = (
				F885FE5D2865E2AC004CFE10 /* AppDelegate.swift */,
				314F6D49286A7757003E6983 /* MainViewController.swift */,
				F885FE922865E90C004CFE10 /* Login */,
				F885FEBB28672066004CFE10 /* Onboarding */,
				314F6D4B286A8828003E6983 /* AccountSummary */,
				F8DD6674286922FE00F5482E /* Utils */,
				F885FE912865E8CF004CFE10 /* Files */,
			);
			path = Bankey;
			sourceTree = "<group>";
		};
		F885FE912865E8CF004CFE10 /* Files */ = {
			isa = PBXGroup;
			children = (
				F885FE662865E2B1004CFE10 /* Assets.xcassets */,
				F885FE682865E2B1004CFE10 /* LaunchScreen.storyboard */,
				F885FE6B2865E2B1004CFE10 /* Info.plist */,
			);
			name = Files;
			sourceTree = "<group>";
		};
		F885FE922865E90C004CFE10 /* Login */ = {
			isa = PBXGroup;
			children = (
				F885FE612865E2AC004CFE10 /* LoginViewController.swift */,
				F885FE932865E938004CFE10 /* LoginView.swift */,
				F8DD667228691AEE00F5482E /* DummyViewController.swift */,
			);
			path = Login;
			sourceTree = "<group>";
		};
		F885FEBB28672066004CFE10 /* Onboarding */ = {
			isa = PBXGroup;
			children = (
				F885FEBC286720A6004CFE10 /* OnboardingContainerViewController.swift */,
				F885FEBE28673B65004CFE10 /* OnboardingViewController.swift */,
			);
			path = Onboarding;
			sourceTree = "<group>";
		};
		F8DD6674286922FE00F5482E /* Utils */ = {
			isa = PBXGroup;
			children = (
				F8DD66752869230D00F5482E /* LocalState.swift */,
				314F6D47286A75AF003E6983 /* UIViewController+Utils.swift */,
			);
			path = Utils;
			sourceTree = "<group>";
		};
/* End PBXGroup section */

/* Begin PBXNativeTarget section */
		F885FE592865E2AC004CFE10 /* Bankey */ = {
			isa = PBXNativeTarget;
			buildConfigurationList = F885FE6E2865E2B1004CFE10 /* Build configuration list for PBXNativeTarget "Bankey" */;
			buildPhases = (
				F885FE562865E2AC004CFE10 /* Sources */,
				F885FE572865E2AC004CFE10 /* Frameworks */,
				F885FE582865E2AC004CFE10 /* Resources */,
			);
			buildRules = (
			);
			dependencies = (
			);
			name = Bankey;
			productName = Bankey;
			productReference = F885FE5A2865E2AC004CFE10 /* Bankey.app */;
			productType = "com.apple.product-type.application";
		};
/* End PBXNativeTarget section */

/* Begin PBXProject section */
		F885FE522865E2AC004CFE10 /* Project object */ = {
			isa = PBXProject;
			attributes = {
				BuildIndependentTargetsInParallel = 1;
				LastSwiftUpdateCheck = 1340;
				LastUpgradeCheck = 1340;
				TargetAttributes = {
					F885FE592865E2AC004CFE10 = {
						CreatedOnToolsVersion = 13.4.1;
					};
				};
			};
			buildConfigurationList = F885FE552865E2AC004CFE10 /* Build configuration list for PBXProject "Bankey" */;
			compatibilityVersion = "Xcode 13.0";
			developmentRegion = en;
			hasScannedForEncodings = 0;
			knownRegions = (
				en,
				Base,
			);
			mainGroup = F885FE512865E2AC004CFE10;
			productRefGroup = F885FE5B2865E2AC004CFE10 /* Products */;
			projectDirPath = "";
			projectRoot = "";
			targets = (
				F885FE592865E2AC004CFE10 /* Bankey */,
			);
		};
/* End PBXProject section */

/* Begin PBXResourcesBuildPhase section */
		F885FE582865E2AC004CFE10 /* Resources */ = {
			isa = PBXResourcesBuildPhase;
			buildActionMask = 2147483647;
			files = (
				314F6D51286A8BA7003E6983 /* AccountSummaryHeaderView.xib in Resources */,
				F885FE6A2865E2B1004CFE10 /* LaunchScreen.storyboard in Resources */,
				F885FE672865E2B1004CFE10 /* Assets.xcassets in Resources */,
			);
			runOnlyForDeploymentPostprocessing = 0;
		};
/* End PBXResourcesBuildPhase section */

/* Begin PBXSourcesBuildPhase section */
		F885FE562865E2AC004CFE10 /* Sources */ = {
			isa = PBXSourcesBuildPhase;
			buildActionMask = 2147483647;
			files = (
				314F6D48286A75AF003E6983 /* UIViewController+Utils.swift in Sources */,
				F885FE942865E938004CFE10 /* LoginView.swift in Sources */,
				F8DD66762869230D00F5482E /* LocalState.swift in Sources */,
				314F6D4F286A8B76003E6983 /* AccountSummaryHeaderView.swift in Sources */,
				F8DD667328691AEE00F5482E /* DummyViewController.swift in Sources */,
				F885FE622865E2AC004CFE10 /* LoginViewController.swift in Sources */,
				F8371175286B194400B2B8FE /* AccountSummaryCell.swift in Sources */,
				F885FEBF28673B65004CFE10 /* OnboardingViewController.swift in Sources */,
				314F6D4A286A7757003E6983 /* MainViewController.swift in Sources */,
				314F6D4D286A884C003E6983 /* AccountSummaryViewController.swift in Sources */,
				F885FE5E2865E2AC004CFE10 /* AppDelegate.swift in Sources */,
				F885FEBD286720A6004CFE10 /* OnboardingContainerViewController.swift in Sources */,
			);
			runOnlyForDeploymentPostprocessing = 0;
		};
/* End PBXSourcesBuildPhase section */

/* Begin PBXVariantGroup section */
		F885FE682865E2B1004CFE10 /* LaunchScreen.storyboard */ = {
			isa = PBXVariantGroup;
			children = (
				F885FE692865E2B1004CFE10 /* Base */,
			);
			name = LaunchScreen.storyboard;
			sourceTree = "<group>";
		};
/* End PBXVariantGroup section */

/* Begin XCBuildConfiguration section */
		F885FE6C2865E2B1004CFE10 /* Debug */ = {
			isa = XCBuildConfiguration;
			buildSettings = {
				ALWAYS_SEARCH_USER_PATHS = NO;
				CLANG_ANALYZER_NONNULL = YES;
				CLANG_ANALYZER_NUMBER_OBJECT_CONVERSION = YES_AGGRESSIVE;
				CLANG_CXX_LANGUAGE_STANDARD = "gnu++17";
				CLANG_ENABLE_MODULES = YES;
				CLANG_ENABLE_OBJC_ARC = YES;
				CLANG_ENABLE_OBJC_WEAK = YES;
				CLANG_WARN_BLOCK_CAPTURE_AUTORELEASING = YES;
				CLANG_WARN_BOOL_CONVERSION = YES;
				CLANG_WARN_COMMA = YES;
				CLANG_WARN_CONSTANT_CONVERSION = YES;
				CLANG_WARN_DEPRECATED_OBJC_IMPLEMENTATIONS = YES;
				CLANG_WARN_DIRECT_OBJC_ISA_USAGE = YES_ERROR;
				CLANG_WARN_DOCUMENTATION_COMMENTS = YES;
				CLANG_WARN_EMPTY_BODY = YES;
				CLANG_WARN_ENUM_CONVERSION = YES;
				CLANG_WARN_INFINITE_RECURSION = YES;
				CLANG_WARN_INT_CONVERSION = YES;
				CLANG_WARN_NON_LITERAL_NULL_CONVERSION = YES;
				CLANG_WARN_OBJC_IMPLICIT_RETAIN_SELF = YES;
				CLANG_WARN_OBJC_LITERAL_CONVERSION = YES;
				CLANG_WARN_OBJC_ROOT_CLASS = YES_ERROR;
				CLANG_WARN_QUOTED_INCLUDE_IN_FRAMEWORK_HEADER = YES;
				CLANG_WARN_RANGE_LOOP_ANALYSIS = YES;
				CLANG_WARN_STRICT_PROTOTYPES = YES;
				CLANG_WARN_SUSPICIOUS_MOVE = YES;
				CLANG_WARN_UNGUARDED_AVAILABILITY = YES_AGGRESSIVE;
				CLANG_WARN_UNREACHABLE_CODE = YES;
				CLANG_WARN__DUPLICATE_METHOD_MATCH = YES;
				COPY_PHASE_STRIP = NO;
				DEBUG_INFORMATION_FORMAT = dwarf;
				ENABLE_STRICT_OBJC_MSGSEND = YES;
				ENABLE_TESTABILITY = YES;
				GCC_C_LANGUAGE_STANDARD = gnu11;
				GCC_DYNAMIC_NO_PIC = NO;
				GCC_NO_COMMON_BLOCKS = YES;
				GCC_OPTIMIZATION_LEVEL = 0;
				GCC_PREPROCESSOR_DEFINITIONS = (
					"DEBUG=1",
					"$(inherited)",
				);
				GCC_WARN_64_TO_32_BIT_CONVERSION = YES;
				GCC_WARN_ABOUT_RETURN_TYPE = YES_ERROR;
				GCC_WARN_UNDECLARED_SELECTOR = YES;
				GCC_WARN_UNINITIALIZED_AUTOS = YES_AGGRESSIVE;
				GCC_WARN_UNUSED_FUNCTION = YES;
				GCC_WARN_UNUSED_VARIABLE = YES;
				IPHONEOS_DEPLOYMENT_TARGET = 15.5;
				MTL_ENABLE_DEBUG_INFO = INCLUDE_SOURCE;
				MTL_FAST_MATH = YES;
				ONLY_ACTIVE_ARCH = YES;
				SDKROOT = iphoneos;
				SWIFT_ACTIVE_COMPILATION_CONDITIONS = DEBUG;
				SWIFT_OPTIMIZATION_LEVEL = "-Onone";
			};
			name = Debug;
		};
		F885FE6D2865E2B1004CFE10 /* Release */ = {
			isa = XCBuildConfiguration;
			buildSettings = {
				ALWAYS_SEARCH_USER_PATHS = NO;
				CLANG_ANALYZER_NONNULL = YES;
				CLANG_ANALYZER_NUMBER_OBJECT_CONVERSION = YES_AGGRESSIVE;
				CLANG_CXX_LANGUAGE_STANDARD = "gnu++17";
				CLANG_ENABLE_MODULES = YES;
				CLANG_ENABLE_OBJC_ARC = YES;
				CLANG_ENABLE_OBJC_WEAK = YES;
				CLANG_WARN_BLOCK_CAPTURE_AUTORELEASING = YES;
				CLANG_WARN_BOOL_CONVERSION = YES;
				CLANG_WARN_COMMA = YES;
				CLANG_WARN_CONSTANT_CONVERSION = YES;
				CLANG_WARN_DEPRECATED_OBJC_IMPLEMENTATIONS = YES;
				CLANG_WARN_DIRECT_OBJC_ISA_USAGE = YES_ERROR;
				CLANG_WARN_DOCUMENTATION_COMMENTS = YES;
				CLANG_WARN_EMPTY_BODY = YES;
				CLANG_WARN_ENUM_CONVERSION = YES;
				CLANG_WARN_INFINITE_RECURSION = YES;
				CLANG_WARN_INT_CONVERSION = YES;
				CLANG_WARN_NON_LITERAL_NULL_CONVERSION = YES;
				CLANG_WARN_OBJC_IMPLICIT_RETAIN_SELF = YES;
				CLANG_WARN_OBJC_LITERAL_CONVERSION = YES;
				CLANG_WARN_OBJC_ROOT_CLASS = YES_ERROR;
				CLANG_WARN_QUOTED_INCLUDE_IN_FRAMEWORK_HEADER = YES;
				CLANG_WARN_RANGE_LOOP_ANALYSIS = YES;
				CLANG_WARN_STRICT_PROTOTYPES = YES;
				CLANG_WARN_SUSPICIOUS_MOVE = YES;
				CLANG_WARN_UNGUARDED_AVAILABILITY = YES_AGGRESSIVE;
				CLANG_WARN_UNREACHABLE_CODE = YES;
				CLANG_WARN__DUPLICATE_METHOD_MATCH = YES;
				COPY_PHASE_STRIP = NO;
				DEBUG_INFORMATION_FORMAT = "dwarf-with-dsym";
				ENABLE_NS_ASSERTIONS = NO;
				ENABLE_STRICT_OBJC_MSGSEND = YES;
				GCC_C_LANGUAGE_STANDARD = gnu11;
				GCC_NO_COMMON_BLOCKS = YES;
				GCC_WARN_64_TO_32_BIT_CONVERSION = YES;
				GCC_WARN_ABOUT_RETURN_TYPE = YES_ERROR;
				GCC_WARN_UNDECLARED_SELECTOR = YES;
				GCC_WARN_UNINITIALIZED_AUTOS = YES_AGGRESSIVE;
				GCC_WARN_UNUSED_FUNCTION = YES;
				GCC_WARN_UNUSED_VARIABLE = YES;
				IPHONEOS_DEPLOYMENT_TARGET = 15.5;
				MTL_ENABLE_DEBUG_INFO = NO;
				MTL_FAST_MATH = YES;
				SDKROOT = iphoneos;
				SWIFT_COMPILATION_MODE = wholemodule;
				SWIFT_OPTIMIZATION_LEVEL = "-O";
				VALIDATE_PRODUCT = YES;
			};
			name = Release;
		};
		F885FE6F2865E2B1004CFE10 /* Debug */ = {
			isa = XCBuildConfiguration;
			buildSettings = {
				ASSETCATALOG_COMPILER_APPICON_NAME = AppIcon;
				ASSETCATALOG_COMPILER_GLOBAL_ACCENT_COLOR_NAME = AccentColor;
				CODE_SIGN_STYLE = Automatic;
				CURRENT_PROJECT_VERSION = 1;
				DEVELOPMENT_TEAM = P2VHV5YCL6;
				GENERATE_INFOPLIST_FILE = YES;
				INFOPLIST_FILE = Bankey/Info.plist;
				INFOPLIST_KEY_UIApplicationSupportsIndirectInputEvents = YES;
				INFOPLIST_KEY_UILaunchStoryboardName = LaunchScreen;
				INFOPLIST_KEY_UISupportedInterfaceOrientations_iPad = "UIInterfaceOrientationPortrait UIInterfaceOrientationPortraitUpsideDown UIInterfaceOrientationLandscapeLeft UIInterfaceOrientationLandscapeRight";
				INFOPLIST_KEY_UISupportedInterfaceOrientations_iPhone = "UIInterfaceOrientationPortrait UIInterfaceOrientationLandscapeLeft UIInterfaceOrientationLandscapeRight";
				LD_RUNPATH_SEARCH_PATHS = (
					"$(inherited)",
					"@executable_path/Frameworks",
				);
				MARKETING_VERSION = 1.0;
				PRODUCT_BUNDLE_IDENTIFIER = com.diegoferreira.Bankey;
				PRODUCT_NAME = "$(TARGET_NAME)";
				SWIFT_EMIT_LOC_STRINGS = YES;
				SWIFT_VERSION = 5.0;
				TARGETED_DEVICE_FAMILY = 1;
			};
			name = Debug;
		};
		F885FE702865E2B1004CFE10 /* Release */ = {
			isa = XCBuildConfiguration;
			buildSettings = {
				ASSETCATALOG_COMPILER_APPICON_NAME = AppIcon;
				ASSETCATALOG_COMPILER_GLOBAL_ACCENT_COLOR_NAME = AccentColor;
				CODE_SIGN_STYLE = Automatic;
				CURRENT_PROJECT_VERSION = 1;
				DEVELOPMENT_TEAM = P2VHV5YCL6;
				GENERATE_INFOPLIST_FILE = YES;
				INFOPLIST_FILE = Bankey/Info.plist;
				INFOPLIST_KEY_UIApplicationSupportsIndirectInputEvents = YES;
				INFOPLIST_KEY_UILaunchStoryboardName = LaunchScreen;
				INFOPLIST_KEY_UISupportedInterfaceOrientations_iPad = "UIInterfaceOrientationPortrait UIInterfaceOrientationPortraitUpsideDown UIInterfaceOrientationLandscapeLeft UIInterfaceOrientationLandscapeRight";
				INFOPLIST_KEY_UISupportedInterfaceOrientations_iPhone = "UIInterfaceOrientationPortrait UIInterfaceOrientationLandscapeLeft UIInterfaceOrientationLandscapeRight";
				LD_RUNPATH_SEARCH_PATHS = (
					"$(inherited)",
					"@executable_path/Frameworks",
				);
				MARKETING_VERSION = 1.0;
				PRODUCT_BUNDLE_IDENTIFIER = com.diegoferreira.Bankey;
				PRODUCT_NAME = "$(TARGET_NAME)";
				SWIFT_EMIT_LOC_STRINGS = YES;
				SWIFT_VERSION = 5.0;
				TARGETED_DEVICE_FAMILY = 1;
			};
			name = Release;
		};
/* End XCBuildConfiguration section */

/* Begin XCConfigurationList section */
		F885FE552865E2AC004CFE10 /* Build configuration list for PBXProject "Bankey" */ = {
			isa = XCConfigurationList;
			buildConfigurations = (
				F885FE6C2865E2B1004CFE10 /* Debug */,
				F885FE6D2865E2B1004CFE10 /* Release */,
			);
			defaultConfigurationIsVisible = 0;
			defaultConfigurationName = Release;
		};
		F885FE6E2865E2B1004CFE10 /* Build configuration list for PBXNativeTarget "Bankey" */ = {
			isa = XCConfigurationList;
			buildConfigurations = (
				F885FE6F2865E2B1004CFE10 /* Debug */,
				F885FE702865E2B1004CFE10 /* Release */,
			);
			defaultConfigurationIsVisible = 0;
			defaultConfigurationName = Release;
		};
/* End XCConfigurationList section */
	};
	rootObject = F885FE522865E2AC004CFE10 /* Project object */;
}
