// !$*UTF8*$!
{
	archiveVersion = 1;
	classes = {
	};
	objectVersion = 55;
	objects = {

/* Begin PBXBuildFile section */
		31D39F3E2850B33F00CFA441 /* AppDelegate.swift in Sources */ = {isa = PBXBuildFile; fileRef = 31D39F3D2850B33F00CFA441 /* AppDelegate.swift */; };
		31D39F402850B33F00CFA441 /* SceneDelegate.swift in Sources */ = {isa = PBXBuildFile; fileRef = 31D39F3F2850B33F00CFA441 /* SceneDelegate.swift */; };
		31D39F422850B33F00CFA441 /* ViewController.swift in Sources */ = {isa = PBXBuildFile; fileRef = 31D39F412850B33F00CFA441 /* ViewController.swift */; };
		31D39F472850B34100CFA441 /* Assets.xcassets in Resources */ = {isa = PBXBuildFile; fileRef = 31D39F462850B34100CFA441 /* Assets.xcassets */; };
		31D39F4A2850B34100CFA441 /* LaunchScreen.storyboard in Resources */ = {isa = PBXBuildFile; fileRef = 31D39F482850B34100CFA441 /* LaunchScreen.storyboard */; };
		31D39F552850BAB000CFA441 /* LoginScreen.swift in Sources */ = {isa = PBXBuildFile; fileRef = 31D39F542850BAB000CFA441 /* LoginScreen.swift */; };
/* End PBXBuildFile section */

/* Begin PBXFileReference section */
		31D39F3A2850B33F00CFA441 /* LoginViewCode.app */ = {isa = PBXFileReference; explicitFileType = wrapper.application; includeInIndex = 0; path = LoginViewCode.app; sourceTree = BUILT_PRODUCTS_DIR; };
		31D39F3D2850B33F00CFA441 /* AppDelegate.swift */ = {isa = PBXFileReference; lastKnownFileType = sourcecode.swift; path = AppDelegate.swift; sourceTree = "<group>"; };
		31D39F3F2850B33F00CFA441 /* SceneDelegate.swift */ = {isa = PBXFileReference; lastKnownFileType = sourcecode.swift; path = SceneDelegate.swift; sourceTree = "<group>"; };
		31D39F412850B33F00CFA441 /* ViewController.swift */ = {isa = PBXFileReference; lastKnownFileType = sourcecode.swift; path = ViewController.swift; sourceTree = "<group>"; };
		31D39F462850B34100CFA441 /* Assets.xcassets */ = {isa = PBXFileReference; lastKnownFileType = folder.assetcatalog; path = Assets.xcassets; sourceTree = "<group>"; };
		31D39F492850B34100CFA441 /* Base */ = {isa = PBXFileReference; lastKnownFileType = file.storyboard; name = Base; path = Base.lproj/LaunchScreen.storyboard; sourceTree = "<group>"; };
		31D39F4B2850B34100CFA441 /* Info.plist */ = {isa = PBXFileReference; lastKnownFileType = text.plist.xml; path = Info.plist; sourceTree = "<group>"; };
		31D39F542850BAB000CFA441 /* LoginScreen.swift */ = {isa = PBXFileReference; lastKnownFileType = sourcecode.swift; path = LoginScreen.swift; sourceTree = "<group>"; };
/* End PBXFileReference section */

/* Begin PBXFrameworksBuildPhase section */
		31D39F372850B33E00CFA441 /* Frameworks */ = {
			isa = PBXFrameworksBuildPhase;
			buildActionMask = 2147483647;
			files = (
			);
			runOnlyForDeploymentPostprocessing = 0;
		};
/* End PBXFrameworksBuildPhase section */

/* Begin PBXGroup section */
		31D39F312850B33E00CFA441 = {
			isa = PBXGroup;
			children = (
				31D39F3C2850B33F00CFA441 /* LoginViewCode */,
				31D39F3B2850B33F00CFA441 /* Products */,
			);
			sourceTree = "<group>";
		};
		31D39F3B2850B33F00CFA441 /* Products */ = {
			isa = PBXGroup;
			children = (
				31D39F3A2850B33F00CFA441 /* LoginViewCode.app */,
			);
			name = Products;
			sourceTree = "<group>";
		};
		31D39F3C2850B33F00CFA441 /* LoginViewCode */ = {
			isa = PBXGroup;
			children = (
				31D39F512850BA4600CFA441 /* Login */,
				31D39F3D2850B33F00CFA441 /* AppDelegate.swift */,
				31D39F3F2850B33F00CFA441 /* SceneDelegate.swift */,
				31D39F462850B34100CFA441 /* Assets.xcassets */,
				31D39F482850B34100CFA441 /* LaunchScreen.storyboard */,
				31D39F4B2850B34100CFA441 /* Info.plist */,
			);
			path = LoginViewCode;
			sourceTree = "<group>";
		};
		31D39F512850BA4600CFA441 /* Login */ = {
			isa = PBXGroup;
			children = (
				31D39F532850BA7400CFA441 /* Screen */,
				31D39F522850BA5E00CFA441 /* VC */,
			);
			path = Login;
			sourceTree = "<group>";
		};
		31D39F522850BA5E00CFA441 /* VC */ = {
			isa = PBXGroup;
			children = (
				31D39F412850B33F00CFA441 /* ViewController.swift */,
			);
			path = VC;
			sourceTree = "<group>";
		};
		31D39F532850BA7400CFA441 /* Screen */ = {
			isa = PBXGroup;
			children = (
				31D39F542850BAB000CFA441 /* LoginScreen.swift */,
			);
			path = Screen;
			sourceTree = "<group>";
		};
/* End PBXGroup section */

/* Begin PBXNativeTarget section */
		31D39F392850B33E00CFA441 /* LoginViewCode */ = {
			isa = PBXNativeTarget;
			buildConfigurationList = 31D39F4E2850B34100CFA441 /* Build configuration list for PBXNativeTarget "LoginViewCode" */;
			buildPhases = (
				31D39F362850B33E00CFA441 /* Sources */,
				31D39F372850B33E00CFA441 /* Frameworks */,
				31D39F382850B33E00CFA441 /* Resources */,
			);
			buildRules = (
			);
			dependencies = (
			);
			name = LoginViewCode;
			productName = LoginViewCode;
			productReference = 31D39F3A2850B33F00CFA441 /* LoginViewCode.app */;
			productType = "com.apple.product-type.application";
		};
/* End PBXNativeTarget section */

/* Begin PBXProject section */
		31D39F322850B33E00CFA441 /* Project object */ = {
			isa = PBXProject;
			attributes = {
				BuildIndependentTargetsInParallel = 1;
				LastSwiftUpdateCheck = 1340;
				LastUpgradeCheck = 1340;
				TargetAttributes = {
					31D39F392850B33E00CFA441 = {
						CreatedOnToolsVersion = 13.4.1;
					};
				};
			};
			buildConfigurationList = 31D39F352850B33E00CFA441 /* Build configuration list for PBXProject "LoginViewCode" */;
			compatibilityVersion = "Xcode 13.0";
			developmentRegion = en;
			hasScannedForEncodings = 0;
			knownRegions = (
				en,
				Base,
			);
			mainGroup = 31D39F312850B33E00CFA441;
			productRefGroup = 31D39F3B2850B33F00CFA441 /* Products */;
			projectDirPath = "";
			projectRoot = "";
			targets = (
				31D39F392850B33E00CFA441 /* LoginViewCode */,
			);
		};
/* End PBXProject section */

/* Begin PBXResourcesBuildPhase section */
		31D39F382850B33E00CFA441 /* Resources */ = {
			isa = PBXResourcesBuildPhase;
			buildActionMask = 2147483647;
			files = (
				31D39F4A2850B34100CFA441 /* LaunchScreen.storyboard in Resources */,
				31D39F472850B34100CFA441 /* Assets.xcassets in Resources */,
			);
			runOnlyForDeploymentPostprocessing = 0;
		};
/* End PBXResourcesBuildPhase section */

/* Begin PBXSourcesBuildPhase section */
		31D39F362850B33E00CFA441 /* Sources */ = {
			isa = PBXSourcesBuildPhase;
			buildActionMask = 2147483647;
			files = (
				31D39F422850B33F00CFA441 /* ViewController.swift in Sources */,
				31D39F552850BAB000CFA441 /* LoginScreen.swift in Sources */,
				31D39F3E2850B33F00CFA441 /* AppDelegate.swift in Sources */,
				31D39F402850B33F00CFA441 /* SceneDelegate.swift in Sources */,
			);
			runOnlyForDeploymentPostprocessing = 0;
		};
/* End PBXSourcesBuildPhase section */

/* Begin PBXVariantGroup section */
		31D39F482850B34100CFA441 /* LaunchScreen.storyboard */ = {
			isa = PBXVariantGroup;
			children = (
				31D39F492850B34100CFA441 /* Base */,
			);
			name = LaunchScreen.storyboard;
			sourceTree = "<group>";
		};
/* End PBXVariantGroup section */

/* Begin XCBuildConfiguration section */
		31D39F4C2850B34100CFA441 /* Debug */ = {
			isa = XCBuildConfiguration;
			buildSettings = {
				ALWAYS_SEARCH_USER_PATHS = NO;
				CLANG_ANALYZER_NONNULL = YES;
				CLANG_ANALYZER_NUMBER_OBJECT_CONVERSION = YES_AGGRESSIVE;
				CLANG_CXX_LANGUAGE_STANDARD = "gnu++17";
				CLANG_ENABLE_MODULES = YES;
				CLANG_ENABLE_OBJC_ARC = YES;
				CLANG_ENABLE_OBJC_WEAK = YES;
				CLANG_WARN_BLOCK_CAPTURE_AUTORELEASING = YES;
				CLANG_WARN_BOOL_CONVERSION = YES;
				CLANG_WARN_COMMA = YES;
				CLANG_WARN_CONSTANT_CONVERSION = YES;
				CLANG_WARN_DEPRECATED_OBJC_IMPLEMENTATIONS = YES;
				CLANG_WARN_DIRECT_OBJC_ISA_USAGE = YES_ERROR;
				CLANG_WARN_DOCUMENTATION_COMMENTS = YES;
				CLANG_WARN_EMPTY_BODY = YES;
				CLANG_WARN_ENUM_CONVERSION = YES;
				CLANG_WARN_INFINITE_RECURSION = YES;
				CLANG_WARN_INT_CONVERSION = YES;
				CLANG_WARN_NON_LITERAL_NULL_CONVERSION = YES;
				CLANG_WARN_OBJC_IMPLICIT_RETAIN_SELF = YES;
				CLANG_WARN_OBJC_LITERAL_CONVERSION = YES;
				CLANG_WARN_OBJC_ROOT_CLASS = YES_ERROR;
				CLANG_WARN_QUOTED_INCLUDE_IN_FRAMEWORK_HEADER = YES;
				CLANG_WARN_RANGE_LOOP_ANALYSIS = YES;
				CLANG_WARN_STRICT_PROTOTYPES = YES;
				CLANG_WARN_SUSPICIOUS_MOVE = YES;
				CLANG_WARN_UNGUARDED_AVAILABILITY = YES_AGGRESSIVE;
				CLANG_WARN_UNREACHABLE_CODE = YES;
				CLANG_WARN__DUPLICATE_METHOD_MATCH = YES;
				COPY_PHASE_STRIP = NO;
				DEBUG_INFORMATION_FORMAT = dwarf;
				ENABLE_STRICT_OBJC_MSGSEND = YES;
				ENABLE_TESTABILITY = YES;
				GCC_C_LANGUAGE_STANDARD = gnu11;
				GCC_DYNAMIC_NO_PIC = NO;
				GCC_NO_COMMON_BLOCKS = YES;
				GCC_OPTIMIZATION_LEVEL = 0;
				GCC_PREPROCESSOR_DEFINITIONS = (
					"DEBUG=1",
					"$(inherited)",
				);
				GCC_WARN_64_TO_32_BIT_CONVERSION = YES;
				GCC_WARN_ABOUT_RETURN_TYPE = YES_ERROR;
				GCC_WARN_UNDECLARED_SELECTOR = YES;
				GCC_WARN_UNINITIALIZED_AUTOS = YES_AGGRESSIVE;
				GCC_WARN_UNUSED_FUNCTION = YES;
				GCC_WARN_UNUSED_VARIABLE = YES;
				IPHONEOS_DEPLOYMENT_TARGET = 15.5;
				MTL_ENABLE_DEBUG_INFO = INCLUDE_SOURCE;
				MTL_FAST_MATH = YES;
				ONLY_ACTIVE_ARCH = YES;
				SDKROOT = iphoneos;
				SWIFT_ACTIVE_COMPILATION_CONDITIONS = DEBUG;
				SWIFT_OPTIMIZATION_LEVEL = "-Onone";
			};
			name = Debug;
		};
		31D39F4D2850B34100CFA441 /* Release */ = {
			isa = XCBuildConfiguration;
			buildSettings = {
				ALWAYS_SEARCH_USER_PATHS = NO;
				CLANG_ANALYZER_NONNULL = YES;
				CLANG_ANALYZER_NUMBER_OBJECT_CONVERSION = YES_AGGRESSIVE;
				CLANG_CXX_LANGUAGE_STANDARD = "gnu++17";
				CLANG_ENABLE_MODULES = YES;
				CLANG_ENABLE_OBJC_ARC = YES;
				CLANG_ENABLE_OBJC_WEAK = YES;
				CLANG_WARN_BLOCK_CAPTURE_AUTORELEASING = YES;
				CLANG_WARN_BOOL_CONVERSION = YES;
				CLANG_WARN_COMMA = YES;
				CLANG_WARN_CONSTANT_CONVERSION = YES;
				CLANG_WARN_DEPRECATED_OBJC_IMPLEMENTATIONS = YES;
				CLANG_WARN_DIRECT_OBJC_ISA_USAGE = YES_ERROR;
				CLANG_WARN_DOCUMENTATION_COMMENTS = YES;
				CLANG_WARN_EMPTY_BODY = YES;
				CLANG_WARN_ENUM_CONVERSION = YES;
				CLANG_WARN_INFINITE_RECURSION = YES;
				CLANG_WARN_INT_CONVERSION = YES;
				CLANG_WARN_NON_LITERAL_NULL_CONVERSION = YES;
				CLANG_WARN_OBJC_IMPLICIT_RETAIN_SELF = YES;
				CLANG_WARN_OBJC_LITERAL_CONVERSION = YES;
				CLANG_WARN_OBJC_ROOT_CLASS = YES_ERROR;
				CLANG_WARN_QUOTED_INCLUDE_IN_FRAMEWORK_HEADER = YES;
				CLANG_WARN_RANGE_LOOP_ANALYSIS = YES;
				CLANG_WARN_STRICT_PROTOTYPES = YES;
				CLANG_WARN_SUSPICIOUS_MOVE = YES;
				CLANG_WARN_UNGUARDED_AVAILABILITY = YES_AGGRESSIVE;
				CLANG_WARN_UNREACHABLE_CODE = YES;
				CLANG_WARN__DUPLICATE_METHOD_MATCH = YES;
				COPY_PHASE_STRIP = NO;
				DEBUG_INFORMATION_FORMAT = "dwarf-with-dsym";
				ENABLE_NS_ASSERTIONS = NO;
				ENABLE_STRICT_OBJC_MSGSEND = YES;
				GCC_C_LANGUAGE_STANDARD = gnu11;
				GCC_NO_COMMON_BLOCKS = YES;
				GCC_WARN_64_TO_32_BIT_CONVERSION = YES;
				GCC_WARN_ABOUT_RETURN_TYPE = YES_ERROR;
				GCC_WARN_UNDECLARED_SELECTOR = YES;
				GCC_WARN_UNINITIALIZED_AUTOS = YES_AGGRESSIVE;
				GCC_WARN_UNUSED_FUNCTION = YES;
				GCC_WARN_UNUSED_VARIABLE = YES;
				IPHONEOS_DEPLOYMENT_TARGET = 15.5;
				MTL_ENABLE_DEBUG_INFO = NO;
				MTL_FAST_MATH = YES;
				SDKROOT = iphoneos;
				SWIFT_COMPILATION_MODE = wholemodule;
				SWIFT_OPTIMIZATION_LEVEL = "-O";
				VALIDATE_PRODUCT = YES;
			};
			name = Release;
		};
		31D39F4F2850B34100CFA441 /* Debug */ = {
			isa = XCBuildConfiguration;
			buildSettings = {
				ASSETCATALOG_COMPILER_APPICON_NAME = AppIcon;
				ASSETCATALOG_COMPILER_GLOBAL_ACCENT_COLOR_NAME = AccentColor;
				CODE_SIGN_STYLE = Automatic;
				CURRENT_PROJECT_VERSION = 1;
				DEVELOPMENT_TEAM = P2VHV5YCL6;
				GENERATE_INFOPLIST_FILE = YES;
				INFOPLIST_FILE = LoginViewCode/Info.plist;
				INFOPLIST_KEY_UIApplicationSupportsIndirectInputEvents = YES;
				INFOPLIST_KEY_UILaunchStoryboardName = LaunchScreen;
				INFOPLIST_KEY_UISupportedInterfaceOrientations_iPad = "UIInterfaceOrientationPortrait UIInterfaceOrientationPortraitUpsideDown UIInterfaceOrientationLandscapeLeft UIInterfaceOrientationLandscapeRight";
				INFOPLIST_KEY_UISupportedInterfaceOrientations_iPhone = "UIInterfaceOrientationPortrait UIInterfaceOrientationLandscapeLeft UIInterfaceOrientationLandscapeRight";
				LD_RUNPATH_SEARCH_PATHS = (
					"$(inherited)",
					"@executable_path/Frameworks",
				);
				MARKETING_VERSION = 1.0;
				PRODUCT_BUNDLE_IDENTIFIER = com.diegoFerreira.LoginViewCode;
				PRODUCT_NAME = "$(TARGET_NAME)";
				SWIFT_EMIT_LOC_STRINGS = YES;
				SWIFT_VERSION = 5.0;
				TARGETED_DEVICE_FAMILY = "1,2";
			};
			name = Debug;
		};
		31D39F502850B34100CFA441 /* Release */ = {
			isa = XCBuildConfiguration;
			buildSettings = {
				ASSETCATALOG_COMPILER_APPICON_NAME = AppIcon;
				ASSETCATALOG_COMPILER_GLOBAL_ACCENT_COLOR_NAME = AccentColor;
				CODE_SIGN_STYLE = Automatic;
				CURRENT_PROJECT_VERSION = 1;
				DEVELOPMENT_TEAM = P2VHV5YCL6;
				GENERATE_INFOPLIST_FILE = YES;
				INFOPLIST_FILE = LoginViewCode/Info.plist;
				INFOPLIST_KEY_UIApplicationSupportsIndirectInputEvents = YES;
				INFOPLIST_KEY_UILaunchStoryboardName = LaunchScreen;
				INFOPLIST_KEY_UISupportedInterfaceOrientations_iPad = "UIInterfaceOrientationPortrait UIInterfaceOrientationPortraitUpsideDown UIInterfaceOrientationLandscapeLeft UIInterfaceOrientationLandscapeRight";
				INFOPLIST_KEY_UISupportedInterfaceOrientations_iPhone = "UIInterfaceOrientationPortrait UIInterfaceOrientationLandscapeLeft UIInterfaceOrientationLandscapeRight";
				LD_RUNPATH_SEARCH_PATHS = (
					"$(inherited)",
					"@executable_path/Frameworks",
				);
				MARKETING_VERSION = 1.0;
				PRODUCT_BUNDLE_IDENTIFIER = com.diegoFerreira.LoginViewCode;
				PRODUCT_NAME = "$(TARGET_NAME)";
				SWIFT_EMIT_LOC_STRINGS = YES;
				SWIFT_VERSION = 5.0;
				TARGETED_DEVICE_FAMILY = "1,2";
			};
			name = Release;
		};
/* End XCBuildConfiguration section */

/* Begin XCConfigurationList section */
		31D39F352850B33E00CFA441 /* Build configuration list for PBXProject "LoginViewCode" */ = {
			isa = XCConfigurationList;
			buildConfigurations = (
				31D39F4C2850B34100CFA441 /* Debug */,
				31D39F4D2850B34100CFA441 /* Release */,
			);
			defaultConfigurationIsVisible = 0;
			defaultConfigurationName = Release;
		};
		31D39F4E2850B34100CFA441 /* Build configuration list for PBXNativeTarget "LoginViewCode" */ = {
			isa = XCConfigurationList;
			buildConfigurations = (
				31D39F4F2850B34100CFA441 /* Debug */,
				31D39F502850B34100CFA441 /* Release */,
			);
			defaultConfigurationIsVisible = 0;
			defaultConfigurationName = Release;
		};
/* End XCConfigurationList section */
	};
	rootObject = 31D39F322850B33E00CFA441 /* Project object */;
}
